
Microsoft Visual Studio Solution File, Format Version 12.00
# Visual Studio Version 17
VisualStudioVersion = 17.2.32630.192
MinimumVisualStudioVersion = 10.0.40219.1
Project("{FAE04EC0-301F-11D3-BF4B-00C04F79EFBC}") = "KanyeAndRon", "KanyeAndRon\KanyeAndRon.csproj", "{3EA44D01-218D-4569-8D7D-FAC776B4B41E}"
EndProject
Global
	GlobalSection(SolutionConfigurationPlatforms) = preSolution
		Debug|Any CPU = Debug|Any CPU
		Release|Any CPU = Release|Any CPU
	EndGlobalSection
	GlobalSection(ProjectConfigurationPlatforms) = postSolution
		{3EA44D01-218D-4569-8D7D-FAC776B4B41E}.Debug|Any CPU.ActiveCfg = Debug|Any CPU
		{3EA44D01-218D-4569-8D7D-FAC776B4B41E}.Debug|Any CPU.Build.0 = Debug|Any CPU
		{3EA44D01-218D-4569-8D7D-FAC776B4B41E}.Release|Any CPU.ActiveCfg = Release|Any CPU
		{3EA44D01-218D-4569-8D7D-FAC776B4B41E}.Release|Any CPU.Build.0 = Release|Any CPU
	EndGlobalSection
	GlobalSection(SolutionProperties) = preSolution
		HideSolutionNode = FALSE
	EndGlobalSection
	GlobalSection(ExtensibilityGlobals) = postSolution
		SolutionGuid = {363C2AE6-2404-4934-B5E1-89FEE71C681E}
	EndGlobalSection
EndGlobal
